
Microsoft Visual Studio Solution File, Format Version 12.00
Project("{FAE04EC0-301F-11D3-BF4B-00C04F79EFBC}") = "Luxsoft.Console", "src\Luxsoft.Console\Luxsoft.Console.csproj", "{CFB257F2-D10D-42FB-B585-CBC190486F9B}"
EndProject
Project("{FAE04EC0-301F-11D3-BF4B-00C04F79EFBC}") = "Luxsoft.Library", "src\Luxsoft.Library\Luxsoft.Library.csproj", "{7F1C24AC-C8BA-403F-AD10-208DCA446507}"
EndProject
Project("{FAE04EC0-301F-11D3-BF4B-00C04F79EFBC}") = "Luxsoft.Tests", "tests\Luxsoft.Tests\Luxsoft.Tests.csproj", "{4A8E3D50-A3EB-46ED-8E95-36716F355DE2}"
EndProject
Global
	GlobalSection(SolutionConfigurationPlatforms) = preSolution
		Debug|Any CPU = Debug|Any CPU
		Release|Any CPU = Release|Any CPU
	EndGlobalSection
	GlobalSection(ProjectConfigurationPlatforms) = postSolution
		{CFB257F2-D10D-42FB-B585-CBC190486F9B}.Debug|Any CPU.ActiveCfg = Debug|Any CPU
		{CFB257F2-D10D-42FB-B585-CBC190486F9B}.Debug|Any CPU.Build.0 = Debug|Any CPU
		{CFB257F2-D10D-42FB-B585-CBC190486F9B}.Release|Any CPU.ActiveCfg = Release|Any CPU
		{CFB257F2-D10D-42FB-B585-CBC190486F9B}.Release|Any CPU.Build.0 = Release|Any CPU
		{7F1C24AC-C8BA-403F-AD10-208DCA446507}.Debug|Any CPU.ActiveCfg = Debug|Any CPU
		{7F1C24AC-C8BA-403F-AD10-208DCA446507}.Debug|Any CPU.Build.0 = Debug|Any CPU
		{7F1C24AC-C8BA-403F-AD10-208DCA446507}.Release|Any CPU.ActiveCfg = Release|Any CPU
		{7F1C24AC-C8BA-403F-AD10-208DCA446507}.Release|Any CPU.Build.0 = Release|Any CPU
		{4A8E3D50-A3EB-46ED-8E95-36716F355DE2}.Debug|Any CPU.ActiveCfg = Debug|Any CPU
		{4A8E3D50-A3EB-46ED-8E95-36716F355DE2}.Debug|Any CPU.Build.0 = Debug|Any CPU
		{4A8E3D50-A3EB-46ED-8E95-36716F355DE2}.Release|Any CPU.ActiveCfg = Release|Any CPU
		{4A8E3D50-A3EB-46ED-8E95-36716F355DE2}.Release|Any CPU.Build.0 = Release|Any CPU
	EndGlobalSection
EndGlobal
